<?xml version="1.0" encoding="utf-8"?>
<Project ToolsVersion="4.0" xmlns="http://schemas.microsoft.com/developer/msbuild/2003">
  <ItemGroup>
    <Filter Include="Source Files">
      <UniqueIdentifier>{4FC737F1-C7A5-4376-A066-2A32D752A2FF}</UniqueIdentifier>
      <Extensions>cpp;c;cc;cxx;def;odl;idl;hpj;bat;asm;asmx</Extensions>
    </Filter>
    <Filter Include="Header Files">
      <UniqueIdentifier>{93995380-89BD-4b04-88EB-625FBE52EBFB}</UniqueIdentifier>
      <Extensions>h;hh;hpp;hxx;hm;inl;inc;xsd</Extensions>
    </Filter>
    <Filter Include="Misc Files">
      <UniqueIdentifier>{67DA6AB6-F800-4c08-8B7A-83BB121AAD01}</UniqueIdentifier>
      <Extensions>xml;json;txt;rc;ico;cur;bmp;dlg;rc2;rct;bin;rgs;gif;jpg;jpeg;jpe;resx;tiff;tif;png;wav;mfcribbon-ms</Extensions>
    </Filter>
  </ItemGroup>
  <ItemGroup>
    <None Include="IoTPSP_DEMO.ino" />
    <None Include="src\arduino folders read me.txt">
      <Filter>Misc Files</Filter>
    </None>
  </ItemGroup>
  <ItemGroup>
    <ClInclude Include="__vm\.IoTPSP_DEMO.vsarduino.h">
      <Filter>Header Files</Filter>
    </ClInclude>
    <ClInclude Include="src\IoTPSP_DEMO_board_definition.h">
      <Filter>Header Files</Filter>
    </ClInclude>
    <ClInclude Include="src\IoTPSP_DEMO_testing.h">
      <Filter>Header Files</Filter>
    </ClInclude>
    <ClInclude Include="src\IoTPSP_DEMO_pin_definition.h">
      <Filter>Header Files</Filter>
    </ClInclude>
    <ClInclude Include="src\IoTPSP_DEMO_serial_HMI.h">
      <Filter>Header Files</Filter>
    </ClInclude>
    <ClInclude Include="src\IoTPSP_DEMO_POT.h">
      <Filter>Header Files</Filter>
    </ClInclude>
    <ClInclude Include="src\IoTPSP_DEMO_testSequence.h">
      <Filter>Header Files</Filter>
    </ClInclude>
    <ClInclude Include="src\IoTPSP_DEMO_OLED_HMI.h">
      <Filter>Header Files</Filter>
    </ClInclude>
    <ClInclude Include="src\IoTPSP_DEMO_TOUCH.h">
      <Filter>Header Files</Filter>
    </ClInclude>
    <ClInclude Include="src\IoTPSP_DEMO_LEDs.h">
      <Filter>Header Files</Filter>
    </ClInclude>
    <ClInclude Include="src\Bounce2.h">
      <Filter>Header Files</Filter>
    </ClInclude>
    <ClInclude Include="src\IoTPSP_DEMO_RTC.h">
      <Filter>Header Files</Filter>
    </ClInclude>
    <ClInclude Include="src\IoTPSP_DEMO_RELAY.h">
      <Filter>Header Files</Filter>
    </ClInclude>
    <ClInclude Include="src\IoTPSP_DEMO_HCSR04.h">
      <Filter>Header Files</Filter>
    </ClInclude>
    <ClInclude Include="src\IoTPSP_DEMO_DHT.h">
      <Filter>Header Files</Filter>
    </ClInclude>
    <ClInclude Include="src\IoTPSP_DEMO_MIC.h">
      <Filter>Header Files</Filter>
    </ClInclude>
    <ClInclude Include="src\IoTPSP_DEMO_MP3.h">
      <Filter>Header Files</Filter>
    </ClInclude>
  </ItemGroup>
  <ItemGroup>
    <ClCompile Include="src\IoTPSP_DEMO_testing.cpp">
      <Filter>Source Files</Filter>
    </ClCompile>
    <ClCompile Include="src\IoTPSP_DEMO_serial_HMI.cpp">
      <Filter>Source Files</Filter>
    </ClCompile>
    <ClCompile Include="src\IoTPSP_DEMO_POT.cpp">
      <Filter>Source Files</Filter>
    </ClCompile>
    <ClCompile Include="src\IoTPSP_DEMO_OLED_HMI.cpp">
      <Filter>Source Files</Filter>
    </ClCompile>
    <ClCompile Include="src\IoTPSP_DEMO_TOUCH.cpp">
      <Filter>Source Files</Filter>
    </ClCompile>
    <ClCompile Include="src\IoTPSP_DEMO_LEDs.cpp">
      <Filter>Source Files</Filter>
    </ClCompile>
    <ClCompile Include="src\Bounce2.cpp">
      <Filter>Source Files</Filter>
    </ClCompile>
    <ClCompile Include="src\IoTPSP_DEMO_RTC.cpp">
      <Filter>Source Files</Filter>
    </ClCompile>
    <ClCompile Include="src\IoTPSP_DEMO_RELAY.cpp">
      <Filter>Source Files</Filter>
    </ClCompile>
    <ClCompile Include="src\IoTPSP_DEMO_HCSR04.cpp">
      <Filter>Source Files</Filter>
    </ClCompile>
    <ClCompile Include="src\IoTPSP_DEMO_DHT.cpp">
      <Filter>Source Files</Filter>
    </ClCompile>
    <ClCompile Include="src\IoTPSP_DEMO_MIC.cpp">
      <Filter>Source Files</Filter>
    </ClCompile>
    <ClCompile Include="src\IoTPSP_DEMO_MP3.cpp">
      <Filter>Source Files</Filter>
    </ClCompile>
  </ItemGroup>
</Project>